
Microsoft Visual Studio Solution File, Format Version 12.00
# Visual Studio 15
VisualStudioVersion = 15.0.27130.2020
MinimumVisualStudioVersion = 10.0.40219.1
Project("{FAE04EC0-301F-11D3-BF4B-00C04F79EFBC}") = "FRC Radio Utility Language Fixer", "FRC Radio Utility Language Fixer\FRC Radio Utility Language Fixer.csproj", "{0861C9F3-5DF0-4E90-8571-626CE93C0CF4}"
EndProject
Global
	GlobalSection(SolutionConfigurationPlatforms) = preSolution
		Debug|Any CPU = Debug|Any CPU
		Release|Any CPU = Release|Any CPU
	EndGlobalSection
	GlobalSection(ProjectConfigurationPlatforms) = postSolution
		{0861C9F3-5DF0-4E90-8571-626CE93C0CF4}.Debug|Any CPU.ActiveCfg = Debug|Any CPU
		{0861C9F3-5DF0-4E90-8571-626CE93C0CF4}.Debug|Any CPU.Build.0 = Debug|Any CPU
		{0861C9F3-5DF0-4E90-8571-626CE93C0CF4}.Release|Any CPU.ActiveCfg = Release|Any CPU
		{0861C9F3-5DF0-4E90-8571-626CE93C0CF4}.Release|Any CPU.Build.0 = Release|Any CPU
	EndGlobalSection
	GlobalSection(SolutionProperties) = preSolution
		HideSolutionNode = FALSE
	EndGlobalSection
	GlobalSection(ExtensibilityGlobals) = postSolution
		SolutionGuid = {23692B2F-6749-4A33-BA03-F97201302395}
	EndGlobalSection
EndGlobal
